<?xml version="1.0" encoding="utf-8"?>
<Project ToolsVersion="4.0" xmlns="http://schemas.microsoft.com/developer/msbuild/2003">
  <ItemGroup>
    <ClCompile Include="ActionTurnHandler.cpp">
      <Filter>Source Files</Filter>
    </ClCompile>
    <ClCompile Include="AdvancedCamera.cpp">
      <Filter>Source Files</Filter>
    </ClCompile>
    <ClCompile Include="Command.cpp">
      <Filter>Source Files</Filter>
    </ClCompile>
    <ClCompile Include="Converter.cpp">
      <Filter>Source Files</Filter>
    </ClCompile>
    <ClCompile Include="Door.cpp">
      <Filter>Source Files</Filter>
    </ClCompile>
    <ClCompile Include="Fire.cpp">
      <Filter>Source Files</Filter>
    </ClCompile>
    <ClCompile Include="FireFactory.cpp">
      <Filter>Source Files</Filter>
    </ClCompile>
    <ClCompile Include="FireFighter.cpp">
      <Filter>Source Files</Filter>
    </ClCompile>
    <ClCompile Include="FirefighterApp.cpp">
      <Filter>Source Files</Filter>
    </ClCompile>
    <ClCompile Include="FireFighterCommands.cpp">
      <Filter>Source Files</Filter>
    </ClCompile>
    <ClCompile Include="FireFighterInputComponent.cpp">
      <Filter>Source Files</Filter>
    </ClCompile>
    <ClCompile Include="GameObject.cpp">
      <Filter>Source Files</Filter>
    </ClCompile>
    <ClCompile Include="Grid.cpp">
      <Filter>Source Files</Filter>
    </ClCompile>
    <ClCompile Include="GridCell.cpp">
      <Filter>Source Files</Filter>
    </ClCompile>
    <ClCompile Include="Ground.cpp">
      <Filter>Source Files</Filter>
    </ClCompile>
    <ClCompile Include="IGridObject.cpp">
      <Filter>Source Files</Filter>
    </ClCompile>
    <ClCompile Include="IMovableObject.cpp">
      <Filter>Source Files</Filter>
    </ClCompile>
    <ClCompile Include="InputComponent.cpp">
      <Filter>Source Files</Filter>
    </ClCompile>
    <ClCompile Include="LevelGenerator.cpp">
      <Filter>Source Files</Filter>
    </ClCompile>
    <ClCompile Include="ObjectManagement.cpp">
      <Filter>Source Files</Filter>
    </ClCompile>
    <ClCompile Include="Pathfinder.cpp">
      <Filter>Source Files</Filter>
    </ClCompile>
    <ClCompile Include="PlayerPathing.cpp">
      <Filter>Source Files</Filter>
    </ClCompile>
    <ClCompile Include="SelectSystem.cpp">
      <Filter>Source Files</Filter>
    </ClCompile>
    <ClCompile Include="Temp.cpp">
      <Filter>Source Files</Filter>
    </ClCompile>
    <ClCompile Include="Wall.cpp">
      <Filter>Source Files</Filter>
    </ClCompile>
    <ClCompile Include="AdvancedOgreFramework.cpp">
      <Filter>Source Files\Framework</Filter>
    </ClCompile>
    <ClCompile Include="AppStateManager.cpp">
      <Filter>Source Files\Framework</Filter>
    </ClCompile>
    <ClCompile Include="DotSceneLoader.cpp">
      <Filter>Source Files\Framework</Filter>
    </ClCompile>
    <ClCompile Include="GameState.cpp">
      <Filter>Source Files\Framework</Filter>
    </ClCompile>
    <ClCompile Include="InputHandler.cpp">
      <Filter>Source Files\Framework</Filter>
    </ClCompile>
    <ClCompile Include="main.cpp">
      <Filter>Source Files\Framework</Filter>
    </ClCompile>
    <ClCompile Include="MenuState.cpp">
      <Filter>Source Files\Framework</Filter>
    </ClCompile>
    <ClCompile Include="PauseState.cpp">
      <Filter>Source Files\Framework</Filter>
    </ClCompile>
    <ClCompile Include="DebugOptions.cpp">
      <Filter>Source Files</Filter>
    </ClCompile>
    <ClCompile Include="FireTruck.cpp">
      <Filter>Source Files</Filter>
    </ClCompile>
  </ItemGroup>
  <ItemGroup>
    <ClInclude Include="Grid.hpp">
      <Filter>Header Files</Filter>
    </ClInclude>
    <ClInclude Include="ActionTurnHandler.hpp">
      <Filter>Header Files</Filter>
    </ClInclude>
    <ClInclude Include="AdvancedCamera.hpp">
      <Filter>Header Files</Filter>
    </ClInclude>
    <ClInclude Include="Command.hpp">
      <Filter>Header Files</Filter>
    </ClInclude>
    <ClInclude Include="Converter.h">
      <Filter>Header Files</Filter>
    </ClInclude>
    <ClInclude Include="Door.hpp">
      <Filter>Header Files</Filter>
    </ClInclude>
    <ClInclude Include="Fire.hpp">
      <Filter>Header Files</Filter>
    </ClInclude>
    <ClInclude Include="FireFactory.hpp">
      <Filter>Header Files</Filter>
    </ClInclude>
    <ClInclude Include="FireFighter.hpp">
      <Filter>Header Files</Filter>
    </ClInclude>
    <ClInclude Include="FirefighterApp.hpp">
      <Filter>Header Files</Filter>
    </ClInclude>
    <ClInclude Include="FireFighterCommands.hpp">
      <Filter>Header Files</Filter>
    </ClInclude>
    <ClInclude Include="FireFighterInputComponent.hpp">
      <Filter>Header Files</Filter>
    </ClInclude>
    <ClInclude Include="GameObject.hpp">
      <Filter>Header Files</Filter>
    </ClInclude>
    <ClInclude Include="Grid.hpp">
      <Filter>Header Files</Filter>
    </ClInclude>
    <ClInclude Include="GridCell.hpp">
      <Filter>Header Files</Filter>
    </ClInclude>
    <ClInclude Include="Ground.hpp">
      <Filter>Header Files</Filter>
    </ClInclude>
    <ClInclude Include="IGridObject.hpp">
      <Filter>Header Files</Filter>
    </ClInclude>
    <ClInclude Include="IMovableObject.hpp">
      <Filter>Header Files</Filter>
    </ClInclude>
    <ClInclude Include="InputComponent.hpp">
      <Filter>Header Files</Filter>
    </ClInclude>
    <ClInclude Include="ObjectManagement.hpp">
      <Filter>Header Files</Filter>
    </ClInclude>
    <ClInclude Include="Pathfinder.hpp">
      <Filter>Header Files</Filter>
    </ClInclude>
    <ClInclude Include="PlayerPathing.hpp">
      <Filter>Header Files</Filter>
    </ClInclude>
    <ClInclude Include="SelectSystem.hpp">
      <Filter>Header Files</Filter>
    </ClInclude>
    <ClInclude Include="Wall.hpp">
      <Filter>Header Files</Filter>
    </ClInclude>
    <ClInclude Include="AdvancedOgreFramework.hpp">
      <Filter>Header Files\Framework</Filter>
    </ClInclude>
    <ClInclude Include="AppState.hpp">
      <Filter>Header Files\Framework</Filter>
    </ClInclude>
    <ClInclude Include="AppStateManager.hpp">
      <Filter>Header Files\Framework</Filter>
    </ClInclude>
    <ClInclude Include="DotSceneLoader.hpp">
      <Filter>Header Files\Framework</Filter>
    </ClInclude>
    <ClInclude Include="GameState.hpp">
      <Filter>Header Files\Framework</Filter>
    </ClInclude>
    <ClInclude Include="Door.hpp">
    <ClInclude Include="InputHandler.hpp">
      <Filter>Header Files\Framework</Filter>
    </ClInclude>
    <ClInclude Include="MenuState.hpp">
      <Filter>Header Files\Framework</Filter>
    </ClInclude>
    <ClInclude Include="PauseState.hpp">
      <Filter>Header Files\Framework</Filter>
    </ClInclude>
    <ClInclude Include="rapidxml.hpp">
      <Filter>Header Files\Framework</Filter>
    </ClInclude>
    <ClInclude Include="DebugOptions.hpp">
      <Filter>Header Files</Filter>
    </ClInclude>
    <ClInclude Include="FireTruck.hpp">
      <Filter>Header Files</Filter>
    </ClInclude>
    <ClInclude Include="LevelGenerator.hpp">
      <Filter>Header Files</Filter>
    </ClInclude>
    <ClInclude Include="Lighting.hpp">
      <Filter>Header Files</Filter>
    </ClInclude>
  </ItemGroup>
  <ItemGroup>
    <ClCompile Include="ActionTurnHandler.cpp">
      <Filter>Source Files</Filter>
    </ClCompile>
    <ClCompile Include="AdvancedOgreFramework.cpp">
      <Filter>Source Files</Filter>
    </ClCompile>
    <ClCompile Include="AppStateManager.cpp">
      <Filter>Source Files</Filter>
    </ClCompile>
    <ClCompile Include="DotSceneLoader.cpp">
      <Filter>Source Files</Filter>
    </ClCompile>
    <ClCompile Include="Fire.cpp">
      <Filter>Source Files</Filter>
    </ClCompile>
    <ClCompile Include="FireFighter.cpp">
      <Filter>Source Files</Filter>
    </ClCompile>
    <ClCompile Include="FirefighterApp.cpp">
      <Filter>Source Files</Filter>
    </ClCompile>
    <ClCompile Include="FireFighterInputComponent.cpp">
      <Filter>Source Files</Filter>
    </ClCompile>
    <ClCompile Include="GameObject.cpp">
      <Filter>Source Files</Filter>
    </ClCompile>
    <ClCompile Include="GameState.cpp">
      <Filter>Source Files</Filter>
    </ClCompile>
    <ClCompile Include="Grid.cpp">
      <Filter>Source Files</Filter>
    </ClCompile>
    <ClCompile Include="GridCell.cpp">
      <Filter>Source Files</Filter>
    </ClCompile>
    <ClCompile Include="Ground.cpp">
      <Filter>Source Files</Filter>
    </ClCompile>
    <ClCompile Include="IGridObject.cpp">
      <Filter>Source Files</Filter>
    </ClCompile>
    <ClCompile Include="InputComponent.cpp">
      <Filter>Source Files</Filter>
    </ClCompile>
    <ClCompile Include="main.cpp">
      <Filter>Source Files</Filter>
    </ClCompile>
    <ClCompile Include="MenuState.cpp">
      <Filter>Source Files</Filter>
    </ClCompile>
    <ClCompile Include="PauseState.cpp">
      <Filter>Source Files</Filter>
    </ClCompile>
    <ClCompile Include="Wall.cpp">
      <Filter>Source Files</Filter>
    </ClCompile>
    <ClCompile Include="PlayerPathing.cpp">
      <Filter>Source Files</Filter>
    </ClCompile>
    <ClCompile Include="Grid.cpp">
      <Filter>Source Files</Filter>
    </ClCompile>
    <ClCompile Include="Command.cpp">
      <Filter>Source Files</Filter>
    </ClCompile>
    <ClCompile Include="InputHandler.cpp">
      <Filter>Source Files</Filter>
    </ClCompile>
    <ClCompile Include="FireFighterCommands.cpp">
      <Filter>Source Files</Filter>
    </ClCompile>
    <ClCompile Include="SelectSystem.cpp">
      <Filter>Source Files</Filter>
    </ClCompile>
    <ClCompile Include="AdvancedCamera.cpp">
      <Filter>Source Files</Filter>
    </ClCompile>
    <ClCompile Include="FireFactory.cpp">
      <Filter>Source Files</Filter>
    </ClCompile>
    <ClCompile Include="LevelGenerator.cpp">
      <Filter>Source Files</Filter>
    </ClCompile>
    <ClCompile Include="ObjectManagement.cpp">
      <Filter>Source Files</Filter>
    </ClCompile>
    <ClCompile Include="Door.cpp">
      <Filter>Source Files</Filter>
    </ClCompile>
    <ClCompile Include="Lighting.cpp">
      <Filter>Source Files</Filter>
    </ClCompile>
  </ItemGroup>
  <ItemGroup>
    <ClInclude Include="ActionTurnHandler.hpp" />
    <ClInclude Include="AdvancedCamera.hpp" />
    <ClInclude Include="AdvancedOgreFramework.hpp" />
    <ClInclude Include="AppState.hpp" />
    <ClInclude Include="AppStateManager.hpp" />
    <ClInclude Include="Door.hpp" />
    <ClInclude Include="FireFactory.hpp" />
    <ClInclude Include="ObjectManagement.hpp" />
    <ClInclude Include="SelectSystem.hpp" />
    <ClInclude Include="Command.hpp" />
    <ClInclude Include="DotSceneLoader.hpp" />
    <ClInclude Include="Fire.hpp" />
    <ClInclude Include="FireFighter.hpp" />
    <ClInclude Include="FirefighterApp.hpp" />
    <ClInclude Include="FireFighterCommands.hpp" />
    <ClInclude Include="FireFighterInputComponent.hpp" />
    <ClInclude Include="GameObject.hpp" />
    <ClInclude Include="GameState.hpp" />
    <ClInclude Include="Grid.hpp" />
    <ClInclude Include="GridCell.hpp" />
    <ClInclude Include="Ground.hpp" />
    <ClInclude Include="IGridObject.hpp" />
    <ClInclude Include="InputComponent.hpp" />
    <ClInclude Include="InputHandler.hpp" />
    <ClInclude Include="MenuState.hpp" />
    <ClInclude Include="PauseState.hpp" />
    <ClInclude Include="PlayerPathing.hpp" />
    <ClInclude Include="rapidxml.hpp" />
    <ClInclude Include="Wall.hpp" />
  </ItemGroup>
  <ItemGroup>
    <Text Include="bin\Debug\media\levels\level1.txt" />
    <Text Include="bin\Debug\media\levels\level1.txt">
      <Filter>Levels</Filter>
    </Text>
    <Text Include="bin\Debug\media\levels\level2.txt">
      <Filter>Levels</Filter>
    </Text>
  </ItemGroup>
  <ItemGroup>
    <None Include="ClassDiagram1.cd" />
    <None Include="ClassDiagram2.cd" />
  </ItemGroup>
  <ItemGroup>
    <None Include="ClassDiagram1.cd">
      <Filter>Diagrams</Filter>
    </None>
    <None Include="ClassDiagram2.cd">
      <Filter>Diagrams</Filter>
    </None>
  </ItemGroup>
  <ItemGroup>
    <Filter Include="Header Files">
      <UniqueIdentifier>{d957076a-11d3-4421-b38b-339a2ae68b6a}</UniqueIdentifier>
    </Filter>
    <Filter Include="Source Files">
      <UniqueIdentifier>{5b08e0d8-55e6-4935-9ac1-12324ea80edd}</UniqueIdentifier>
    </Filter>
    <Filter Include="Diagrams">
      <UniqueIdentifier>{52faf59b-d7a3-4c66-8abb-de71194df468}</UniqueIdentifier>
    </Filter>
    <Filter Include="Levels">
      <UniqueIdentifier>{150cbd4f-1d2c-44bc-9927-3709fcaa9fa2}</UniqueIdentifier>
    </Filter>
    <Filter Include="Header Files\Framework">
      <UniqueIdentifier>{0af64afd-0902-4841-8080-0efecb2097d9}</UniqueIdentifier>
    </Filter>
    <Filter Include="Source Files\Framework">
      <UniqueIdentifier>{2e74e1e6-58a5-475d-b8e6-c38bcd394f42}</UniqueIdentifier>
    </Filter>
  </ItemGroup>
</Project>